// !$*UTF8*$!
{
	archiveVersion = 1;
	classes = {
	};
	objectVersion = 48;
	objects = {

/* Begin PBXBuildFile section */
		9F0E5A3020B2F913009E3982 /* AppDelegate.swift in Sources */ = {isa = PBXBuildFile; fileRef = 9F0E5A2F20B2F913009E3982 /* AppDelegate.swift */; };
		9F0E5A3720B2F913009E3982 /* Assets.xcassets in Resources */ = {isa = PBXBuildFile; fileRef = 9F0E5A3620B2F913009E3982 /* Assets.xcassets */; };
		9F0E5A3A20B2F913009E3982 /* LaunchScreen.storyboard in Resources */ = {isa = PBXBuildFile; fileRef = 9F0E5A3820B2F913009E3982 /* LaunchScreen.storyboard */; };
		9F0E5A4320B2FC08009E3982 /* SpendingsCoordinator.swift in Sources */ = {isa = PBXBuildFile; fileRef = 9F0E5A4120B2FC07009E3982 /* SpendingsCoordinator.swift */; };
		9F0E5A4420B2FC08009E3982 /* SimpleCallback.swift in Sources */ = {isa = PBXBuildFile; fileRef = 9F0E5A4220B2FC08009E3982 /* SimpleCallback.swift */; };
		9F43564220B3125A0066F2F4 /* UIView+Embed.swift in Sources */ = {isa = PBXBuildFile; fileRef = 9F43563E20B3125A0066F2F4 /* UIView+Embed.swift */; };
		9F43564320B3125A0066F2F4 /* UIView+NibFile.swift in Sources */ = {isa = PBXBuildFile; fileRef = 9F43563F20B3125A0066F2F4 /* UIView+NibFile.swift */; };
		9F43564420B3125A0066F2F4 /* UITableViewCellTemplate.swift in Sources */ = {isa = PBXBuildFile; fileRef = 9F43564020B3125A0066F2F4 /* UITableViewCellTemplate.swift */; };
		9F43564520B3125A0066F2F4 /* UIViewControllerTemplate.swift in Sources */ = {isa = PBXBuildFile; fileRef = 9F43564120B3125A0066F2F4 /* UIViewControllerTemplate.swift */; };
		9F43564920B313550066F2F4 /* SpendingsView.swift in Sources */ = {isa = PBXBuildFile; fileRef = 9F43564720B313550066F2F4 /* SpendingsView.swift */; };
		9F43564A20B313550066F2F4 /* SpendingsView.xib in Resources */ = {isa = PBXBuildFile; fileRef = 9F43564820B313550066F2F4 /* SpendingsView.xib */; };
		9F43564C20B315B90066F2F4 /* Localizable.strings in Resources */ = {isa = PBXBuildFile; fileRef = 9F43564B20B315B90066F2F4 /* Localizable.strings */; };
		9F43564F20B31ECB0066F2F4 /* SpendingsItem.swift in Sources */ = {isa = PBXBuildFile; fileRef = 9F43564D20B31ECA0066F2F4 /* SpendingsItem.swift */; };
		9F43565020B31ECB0066F2F4 /* Spendings.swift in Sources */ = {isa = PBXBuildFile; fileRef = 9F43564E20B31ECA0066F2F4 /* Spendings.swift */; };
		9FCDE46C20B4509200ABA7D7 /* SpendingsItemView.swift in Sources */ = {isa = PBXBuildFile; fileRef = 9FCDE46A20B4509100ABA7D7 /* SpendingsItemView.swift */; };
		9FCDE46D20B4509200ABA7D7 /* SpendingsItemView.xib in Resources */ = {isa = PBXBuildFile; fileRef = 9FCDE46B20B4509200ABA7D7 /* SpendingsItemView.xib */; };
		9FCDE47020B45B5000ABA7D7 /* SpendingsVC.swift in Sources */ = {isa = PBXBuildFile; fileRef = 9FCDE46E20B45B5000ABA7D7 /* SpendingsVC.swift */; };
		9FCDE47120B45B5000ABA7D7 /* SpendingsVC.xib in Resources */ = {isa = PBXBuildFile; fileRef = 9FCDE46F20B45B5000ABA7D7 /* SpendingsVC.xib */; };
		9FCDE47420B45FCE00ABA7D7 /* AddSpendingVC.xib in Resources */ = {isa = PBXBuildFile; fileRef = 9FCDE47220B45FCE00ABA7D7 /* AddSpendingVC.xib */; };
		9FCDE47520B45FCE00ABA7D7 /* AddSpendingVC.swift in Sources */ = {isa = PBXBuildFile; fileRef = 9FCDE47320B45FCE00ABA7D7 /* AddSpendingVC.swift */; };
/* End PBXBuildFile section */

/* Begin PBXFileReference section */
		9F0E5A2C20B2F913009E3982 /* App.app */ = {isa = PBXFileReference; explicitFileType = wrapper.application; includeInIndex = 0; path = App.app; sourceTree = BUILT_PRODUCTS_DIR; };
		9F0E5A2F20B2F913009E3982 /* AppDelegate.swift */ = {isa = PBXFileReference; lastKnownFileType = sourcecode.swift; path = AppDelegate.swift; sourceTree = "<group>"; };
		9F0E5A3620B2F913009E3982 /* Assets.xcassets */ = {isa = PBXFileReference; lastKnownFileType = folder.assetcatalog; path = Assets.xcassets; sourceTree = "<group>"; };
		9F0E5A3920B2F913009E3982 /* Base */ = {isa = PBXFileReference; lastKnownFileType = file.storyboard; name = Base; path = Base.lproj/LaunchScreen.storyboard; sourceTree = "<group>"; };
		9F0E5A3B20B2F913009E3982 /* Info.plist */ = {isa = PBXFileReference; lastKnownFileType = text.plist.xml; path = Info.plist; sourceTree = "<group>"; };
		9F0E5A4120B2FC07009E3982 /* SpendingsCoordinator.swift */ = {isa = PBXFileReference; fileEncoding = 4; lastKnownFileType = sourcecode.swift; path = SpendingsCoordinator.swift; sourceTree = "<group>"; };
		9F0E5A4220B2FC08009E3982 /* SimpleCallback.swift */ = {isa = PBXFileReference; fileEncoding = 4; lastKnownFileType = sourcecode.swift; path = SimpleCallback.swift; sourceTree = "<group>"; };
		9F43563E20B3125A0066F2F4 /* UIView+Embed.swift */ = {isa = PBXFileReference; fileEncoding = 4; lastKnownFileType = sourcecode.swift; path = "UIView+Embed.swift"; sourceTree = "<group>"; };
		9F43563F20B3125A0066F2F4 /* UIView+NibFile.swift */ = {isa = PBXFileReference; fileEncoding = 4; lastKnownFileType = sourcecode.swift; path = "UIView+NibFile.swift"; sourceTree = "<group>"; };
		9F43564020B3125A0066F2F4 /* UITableViewCellTemplate.swift */ = {isa = PBXFileReference; fileEncoding = 4; lastKnownFileType = sourcecode.swift; path = UITableViewCellTemplate.swift; sourceTree = "<group>"; };
		9F43564120B3125A0066F2F4 /* UIViewControllerTemplate.swift */ = {isa = PBXFileReference; fileEncoding = 4; lastKnownFileType = sourcecode.swift; path = UIViewControllerTemplate.swift; sourceTree = "<group>"; };
		9F43564720B313550066F2F4 /* SpendingsView.swift */ = {isa = PBXFileReference; fileEncoding = 4; lastKnownFileType = sourcecode.swift; path = SpendingsView.swift; sourceTree = "<group>"; };
		9F43564820B313550066F2F4 /* SpendingsView.xib */ = {isa = PBXFileReference; fileEncoding = 4; lastKnownFileType = file.xib; path = SpendingsView.xib; sourceTree = "<group>"; };
		9F43564B20B315B90066F2F4 /* Localizable.strings */ = {isa = PBXFileReference; fileEncoding = 4; lastKnownFileType = text.plist.strings; path = Localizable.strings; sourceTree = "<group>"; };
		9F43564D20B31ECA0066F2F4 /* SpendingsItem.swift */ = {isa = PBXFileReference; fileEncoding = 4; lastKnownFileType = sourcecode.swift; path = SpendingsItem.swift; sourceTree = "<group>"; };
		9F43564E20B31ECA0066F2F4 /* Spendings.swift */ = {isa = PBXFileReference; fileEncoding = 4; lastKnownFileType = sourcecode.swift; path = Spendings.swift; sourceTree = "<group>"; };
		9FCDE46A20B4509100ABA7D7 /* SpendingsItemView.swift */ = {isa = PBXFileReference; fileEncoding = 4; lastKnownFileType = sourcecode.swift; path = SpendingsItemView.swift; sourceTree = "<group>"; };
		9FCDE46B20B4509200ABA7D7 /* SpendingsItemView.xib */ = {isa = PBXFileReference; fileEncoding = 4; lastKnownFileType = file.xib; path = SpendingsItemView.xib; sourceTree = "<group>"; };
		9FCDE46E20B45B5000ABA7D7 /* SpendingsVC.swift */ = {isa = PBXFileReference; lastKnownFileType = sourcecode.swift; path = SpendingsVC.swift; sourceTree = "<group>"; };
		9FCDE46F20B45B5000ABA7D7 /* SpendingsVC.xib */ = {isa = PBXFileReference; lastKnownFileType = file.xib; path = SpendingsVC.xib; sourceTree = "<group>"; };
		9FCDE47220B45FCE00ABA7D7 /* AddSpendingVC.xib */ = {isa = PBXFileReference; fileEncoding = 4; lastKnownFileType = file.xib; path = AddSpendingVC.xib; sourceTree = "<group>"; };
		9FCDE47320B45FCE00ABA7D7 /* AddSpendingVC.swift */ = {isa = PBXFileReference; fileEncoding = 4; lastKnownFileType = sourcecode.swift; path = AddSpendingVC.swift; sourceTree = "<group>"; };
/* End PBXFileReference section */

/* Begin PBXFrameworksBuildPhase section */
		9F0E5A2920B2F913009E3982 /* Frameworks */ = {
			isa = PBXFrameworksBuildPhase;
			buildActionMask = 2147483647;
			files = (
			);
			runOnlyForDeploymentPostprocessing = 0;
		};
/* End PBXFrameworksBuildPhase section */

/* Begin PBXGroup section */
		9F0E5A2320B2F913009E3982 = {
			isa = PBXGroup;
			children = (
				9F43563D20B312460066F2F4 /* External */,
				9F0E5A2E20B2F913009E3982 /* App */,
				9F0E5A2D20B2F913009E3982 /* Products */,
			);
			sourceTree = "<group>";
		};
		9F0E5A2D20B2F913009E3982 /* Products */ = {
			isa = PBXGroup;
			children = (
				9F0E5A2C20B2F913009E3982 /* App.app */,
			);
			name = Products;
			sourceTree = "<group>";
		};
		9F0E5A2E20B2F913009E3982 /* App */ = {
			isa = PBXGroup;
			children = (
				9F0E5A2F20B2F913009E3982 /* AppDelegate.swift */,
				9F43564620B312DE0066F2F4 /* Spendings */,
				9F0E5A4220B2FC08009E3982 /* SimpleCallback.swift */,
				9F0E5A3620B2F913009E3982 /* Assets.xcassets */,
				9F43564B20B315B90066F2F4 /* Localizable.strings */,
				9F0E5A3820B2F913009E3982 /* LaunchScreen.storyboard */,
				9F0E5A3B20B2F913009E3982 /* Info.plist */,
			);
			path = App;
			sourceTree = "<group>";
		};
		9F43563D20B312460066F2F4 /* External */ = {
			isa = PBXGroup;
			children = (
				9F43564020B3125A0066F2F4 /* UITableViewCellTemplate.swift */,
				9F43563E20B3125A0066F2F4 /* UIView+Embed.swift */,
				9F43563F20B3125A0066F2F4 /* UIView+NibFile.swift */,
				9F43564120B3125A0066F2F4 /* UIViewControllerTemplate.swift */,
			);
			path = External;
			sourceTree = "<group>";
		};
		9F43564620B312DE0066F2F4 /* Spendings */ = {
			isa = PBXGroup;
			children = (
				9F0E5A4120B2FC07009E3982 /* SpendingsCoordinator.swift */,
				9F43564E20B31ECA0066F2F4 /* Spendings.swift */,
				9F43564D20B31ECA0066F2F4 /* SpendingsItem.swift */,
				9F43564720B313550066F2F4 /* SpendingsView.swift */,
				9F43564820B313550066F2F4 /* SpendingsView.xib */,
				9FCDE46A20B4509100ABA7D7 /* SpendingsItemView.swift */,
				9FCDE46B20B4509200ABA7D7 /* SpendingsItemView.xib */,
				9FCDE46E20B45B5000ABA7D7 /* SpendingsVC.swift */,
				9FCDE46F20B45B5000ABA7D7 /* SpendingsVC.xib */,
				9FCDE47320B45FCE00ABA7D7 /* AddSpendingVC.swift */,
				9FCDE47220B45FCE00ABA7D7 /* AddSpendingVC.xib */,
			);
			path = Spendings;
			sourceTree = "<group>";
		};
/* End PBXGroup section */

/* Begin PBXNativeTarget section */
		9F0E5A2B20B2F913009E3982 /* App */ = {
			isa = PBXNativeTarget;
			buildConfigurationList = 9F0E5A3E20B2F913009E3982 /* Build configuration list for PBXNativeTarget "App" */;
			buildPhases = (
				9F0E5A2820B2F913009E3982 /* Sources */,
				9F0E5A2920B2F913009E3982 /* Frameworks */,
				9F0E5A2A20B2F913009E3982 /* Resources */,
			);
			buildRules = (
			);
			dependencies = (
			);
			name = App;
			productName = SimpleBudget;
			productReference = 9F0E5A2C20B2F913009E3982 /* App.app */;
			productType = "com.apple.product-type.application";
		};
/* End PBXNativeTarget section */

/* Begin PBXProject section */
		9F0E5A2420B2F913009E3982 /* Project object */ = {
			isa = PBXProject;
			attributes = {
				LastSwiftUpdateCheck = 0920;
				LastUpgradeCheck = 0920;
				ORGANIZATIONNAME = Personal;
				TargetAttributes = {
					9F0E5A2B20B2F913009E3982 = {
						CreatedOnToolsVersion = 9.2;
						ProvisioningStyle = Automatic;
					};
				};
			};
			buildConfigurationList = 9F0E5A2720B2F913009E3982 /* Build configuration list for PBXProject "App" */;
			compatibilityVersion = "Xcode 8.0";
			developmentRegion = en;
			hasScannedForEncodings = 0;
			knownRegions = (
				en,
				Base,
			);
			mainGroup = 9F0E5A2320B2F913009E3982;
			productRefGroup = 9F0E5A2D20B2F913009E3982 /* Products */;
			projectDirPath = "";
			projectRoot = "";
			targets = (
				9F0E5A2B20B2F913009E3982 /* App */,
			);
		};
/* End PBXProject section */

/* Begin PBXResourcesBuildPhase section */
		9F0E5A2A20B2F913009E3982 /* Resources */ = {
			isa = PBXResourcesBuildPhase;
			buildActionMask = 2147483647;
			files = (
				9FCDE46D20B4509200ABA7D7 /* SpendingsItemView.xib in Resources */,
				9FCDE47420B45FCE00ABA7D7 /* AddSpendingVC.xib in Resources */,
				9F43564C20B315B90066F2F4 /* Localizable.strings in Resources */,
				9FCDE47120B45B5000ABA7D7 /* SpendingsVC.xib in Resources */,
				9F43564A20B313550066F2F4 /* SpendingsView.xib in Resources */,
				9F0E5A3A20B2F913009E3982 /* LaunchScreen.storyboard in Resources */,
				9F0E5A3720B2F913009E3982 /* Assets.xcassets in Resources */,
			);
			runOnlyForDeploymentPostprocessing = 0;
		};
/* End PBXResourcesBuildPhase section */

/* Begin PBXSourcesBuildPhase section */
		9F0E5A2820B2F913009E3982 /* Sources */ = {
			isa = PBXSourcesBuildPhase;
			buildActionMask = 2147483647;
			files = (
				9FCDE46C20B4509200ABA7D7 /* SpendingsItemView.swift in Sources */,
				9FCDE47520B45FCE00ABA7D7 /* AddSpendingVC.swift in Sources */,
				9F43564F20B31ECB0066F2F4 /* SpendingsItem.swift in Sources */,
				9F43564220B3125A0066F2F4 /* UIView+Embed.swift in Sources */,
				9F43564420B3125A0066F2F4 /* UITableViewCellTemplate.swift in Sources */,
				9FCDE47020B45B5000ABA7D7 /* SpendingsVC.swift in Sources */,
				9F43565020B31ECB0066F2F4 /* Spendings.swift in Sources */,
				9F43564920B313550066F2F4 /* SpendingsView.swift in Sources */,
				9F43564520B3125A0066F2F4 /* UIViewControllerTemplate.swift in Sources */,
				9F0E5A4320B2FC08009E3982 /* SpendingsCoordinator.swift in Sources */,
				9F0E5A4420B2FC08009E3982 /* SimpleCallback.swift in Sources */,
				9F43564320B3125A0066F2F4 /* UIView+NibFile.swift in Sources */,
				9F0E5A3020B2F913009E3982 /* AppDelegate.swift in Sources */,
			);
			runOnlyForDeploymentPostprocessing = 0;
		};
/* End PBXSourcesBuildPhase section */

/* Begin PBXVariantGroup section */
		9F0E5A3820B2F913009E3982 /* LaunchScreen.storyboard */ = {
			isa = PBXVariantGroup;
			children = (
				9F0E5A3920B2F913009E3982 /* Base */,
			);
			name = LaunchScreen.storyboard;
			sourceTree = "<group>";
		};
/* End PBXVariantGroup section */

/* Begin XCBuildConfiguration section */
		9F0E5A3C20B2F913009E3982 /* Debug */ = {
			isa = XCBuildConfiguration;
			buildSettings = {
				ALWAYS_SEARCH_USER_PATHS = NO;
				CLANG_ANALYZER_NONNULL = YES;
				CLANG_ANALYZER_NUMBER_OBJECT_CONVERSION = YES_AGGRESSIVE;
				CLANG_CXX_LANGUAGE_STANDARD = "gnu++14";
				CLANG_CXX_LIBRARY = "libc++";
				CLANG_ENABLE_MODULES = YES;
				CLANG_ENABLE_OBJC_ARC = YES;
				CLANG_WARN_BLOCK_CAPTURE_AUTORELEASING = YES;
				CLANG_WARN_BOOL_CONVERSION = YES;
				CLANG_WARN_COMMA = YES;
				CLANG_WARN_CONSTANT_CONVERSION = YES;
				CLANG_WARN_DIRECT_OBJC_ISA_USAGE = YES_ERROR;
				CLANG_WARN_DOCUMENTATION_COMMENTS = YES;
				CLANG_WARN_EMPTY_BODY = YES;
				CLANG_WARN_ENUM_CONVERSION = YES;
				CLANG_WARN_INFINITE_RECURSION = YES;
				CLANG_WARN_INT_CONVERSION = YES;
				CLANG_WARN_NON_LITERAL_NULL_CONVERSION = YES;
				CLANG_WARN_OBJC_LITERAL_CONVERSION = YES;
				CLANG_WARN_OBJC_ROOT_CLASS = YES_ERROR;
				CLANG_WARN_RANGE_LOOP_ANALYSIS = YES;
				CLANG_WARN_STRICT_PROTOTYPES = YES;
				CLANG_WARN_SUSPICIOUS_MOVE = YES;
				CLANG_WARN_UNGUARDED_AVAILABILITY = YES_AGGRESSIVE;
				CLANG_WARN_UNREACHABLE_CODE = YES;
				CLANG_WARN__DUPLICATE_METHOD_MATCH = YES;
				CODE_SIGN_IDENTITY = "iPhone Developer";
				COPY_PHASE_STRIP = NO;
				DEBUG_INFORMATION_FORMAT = dwarf;
				ENABLE_STRICT_OBJC_MSGSEND = YES;
				ENABLE_TESTABILITY = YES;
				GCC_C_LANGUAGE_STANDARD = gnu11;
				GCC_DYNAMIC_NO_PIC = NO;
				GCC_NO_COMMON_BLOCKS = YES;
				GCC_OPTIMIZATION_LEVEL = 0;
				GCC_PREPROCESSOR_DEFINITIONS = (
					"DEBUG=1",
					"$(inherited)",
				);
				GCC_WARN_64_TO_32_BIT_CONVERSION = YES;
				GCC_WARN_ABOUT_RETURN_TYPE = YES_ERROR;
				GCC_WARN_UNDECLARED_SELECTOR = YES;
				GCC_WARN_UNINITIALIZED_AUTOS = YES_AGGRESSIVE;
				GCC_WARN_UNUSED_FUNCTION = YES;
				GCC_WARN_UNUSED_VARIABLE = YES;
				IPHONEOS_DEPLOYMENT_TARGET = 11.2;
				MTL_ENABLE_DEBUG_INFO = YES;
				ONLY_ACTIVE_ARCH = YES;
				SDKROOT = iphoneos;
				SWIFT_ACTIVE_COMPILATION_CONDITIONS = DEBUG;
				SWIFT_OPTIMIZATION_LEVEL = "-Onone";
			};
			name = Debug;
		};
		9F0E5A3D20B2F913009E3982 /* Release */ = {
			isa = XCBuildConfiguration;
			buildSettings = {
				ALWAYS_SEARCH_USER_PATHS = NO;
				CLANG_ANALYZER_NONNULL = YES;
				CLANG_ANALYZER_NUMBER_OBJECT_CONVERSION = YES_AGGRESSIVE;
				CLANG_CXX_LANGUAGE_STANDARD = "gnu++14";
				CLANG_CXX_LIBRARY = "libc++";
				CLANG_ENABLE_MODULES = YES;
				CLANG_ENABLE_OBJC_ARC = YES;
				CLANG_WARN_BLOCK_CAPTURE_AUTORELEASING = YES;
				CLANG_WARN_BOOL_CONVERSION = YES;
				CLANG_WARN_COMMA = YES;
				CLANG_WARN_CONSTANT_CONVERSION = YES;
				CLANG_WARN_DIRECT_OBJC_ISA_USAGE = YES_ERROR;
				CLANG_WARN_DOCUMENTATION_COMMENTS = YES;
				CLANG_WARN_EMPTY_BODY = YES;
				CLANG_WARN_ENUM_CONVERSION = YES;
				CLANG_WARN_INFINITE_RECURSION = YES;
				CLANG_WARN_INT_CONVERSION = YES;
				CLANG_WARN_NON_LITERAL_NULL_CONVERSION = YES;
				CLANG_WARN_OBJC_LITERAL_CONVERSION = YES;
				CLANG_WARN_OBJC_ROOT_CLASS = YES_ERROR;
				CLANG_WARN_RANGE_LOOP_ANALYSIS = YES;
				CLANG_WARN_STRICT_PROTOTYPES = YES;
				CLANG_WARN_SUSPICIOUS_MOVE = YES;
				CLANG_WARN_UNGUARDED_AVAILABILITY = YES_AGGRESSIVE;
				CLANG_WARN_UNREACHABLE_CODE = YES;
				CLANG_WARN__DUPLICATE_METHOD_MATCH = YES;
				CODE_SIGN_IDENTITY = "iPhone Developer";
				COPY_PHASE_STRIP = NO;
				DEBUG_INFORMATION_FORMAT = "dwarf-with-dsym";
				ENABLE_NS_ASSERTIONS = NO;
				ENABLE_STRICT_OBJC_MSGSEND = YES;
				GCC_C_LANGUAGE_STANDARD = gnu11;
				GCC_NO_COMMON_BLOCKS = YES;
				GCC_WARN_64_TO_32_BIT_CONVERSION = YES;
				GCC_WARN_ABOUT_RETURN_TYPE = YES_ERROR;
				GCC_WARN_UNDECLARED_SELECTOR = YES;
				GCC_WARN_UNINITIALIZED_AUTOS = YES_AGGRESSIVE;
				GCC_WARN_UNUSED_FUNCTION = YES;
				GCC_WARN_UNUSED_VARIABLE = YES;
				IPHONEOS_DEPLOYMENT_TARGET = 11.2;
				MTL_ENABLE_DEBUG_INFO = NO;
				SDKROOT = iphoneos;
				SWIFT_OPTIMIZATION_LEVEL = "-Owholemodule";
				VALIDATE_PRODUCT = YES;
			};
			name = Release;
		};
		9F0E5A3F20B2F913009E3982 /* Debug */ = {
			isa = XCBuildConfiguration;
			buildSettings = {
				ASSETCATALOG_COMPILER_APPICON_NAME = AppIcon;
				CODE_SIGN_STYLE = Automatic;
				DEVELOPMENT_TEAM = 8379YHJ3XA;
				INFOPLIST_FILE = App/Info.plist;
				IPHONEOS_DEPLOYMENT_TARGET = 9.0;
				LD_RUNPATH_SEARCH_PATHS = "$(inherited) @executable_path/Frameworks";
				PRODUCT_BUNDLE_IDENTIFIER = su.kornerr.SimpleBudget;
				PRODUCT_NAME = "$(TARGET_NAME)";
				SWIFT_VERSION = 4.0;
				TARGETED_DEVICE_FAMILY = "1,2";
			};
			name = Debug;
		};
		9F0E5A4020B2F913009E3982 /* Release */ = {
			isa = XCBuildConfiguration;
			buildSettings = {
				ASSETCATALOG_COMPILER_APPICON_NAME = AppIcon;
				CODE_SIGN_STYLE = Automatic;
				DEVELOPMENT_TEAM = 8379YHJ3XA;
				INFOPLIST_FILE = App/Info.plist;
				IPHONEOS_DEPLOYMENT_TARGET = 9.0;
				LD_RUNPATH_SEARCH_PATHS = "$(inherited) @executable_path/Frameworks";
				PRODUCT_BUNDLE_IDENTIFIER = su.kornerr.SimpleBudget;
				PRODUCT_NAME = "$(TARGET_NAME)";
				SWIFT_VERSION = 4.0;
				TARGETED_DEVICE_FAMILY = "1,2";
			};
			name = Release;
		};
/* End XCBuildConfiguration section */

/* Begin XCConfigurationList section */
		9F0E5A2720B2F913009E3982 /* Build configuration list for PBXProject "App" */ = {
			isa = XCConfigurationList;
			buildConfigurations = (
				9F0E5A3C20B2F913009E3982 /* Debug */,
				9F0E5A3D20B2F913009E3982 /* Release */,
			);
			defaultConfigurationIsVisible = 0;
			defaultConfigurationName = Release;
		};
		9F0E5A3E20B2F913009E3982 /* Build configuration list for PBXNativeTarget "App" */ = {
			isa = XCConfigurationList;
			buildConfigurations = (
				9F0E5A3F20B2F913009E3982 /* Debug */,
				9F0E5A4020B2F913009E3982 /* Release */,
			);
			defaultConfigurationIsVisible = 0;
			defaultConfigurationName = Release;
		};
/* End XCConfigurationList section */
	};
	rootObject = 9F0E5A2420B2F913009E3982 /* Project object */;
}
